
Microsoft Visual Studio Solution File, Format Version 12.00
# Visual Studio 2013
VisualStudioVersion = 12.0.21005.1
MinimumVisualStudioVersion = 10.0.40219.1
Project("{FAE04EC0-301F-11D3-BF4B-00C04F79EFBC}") = "Galaxy", "Galaxy\Galaxy.csproj", "{67AB44E3-563E-479A-9FA0-AD0EF4F7E15A}"
EndProject
Project("{FAE04EC0-301F-11D3-BF4B-00C04F79EFBC}") = "Galaxy.Tests", "Galaxy.Tests\Galaxy.Tests.csproj", "{675BA6F4-C712-4D5E-93F1-58E1819FFB72}"
EndProject
Project("{FAE04EC0-301F-11D3-BF4B-00C04F79EFBC}") = "Galaxy.DAL", "Galaxy.DAL\Galaxy.DAL.csproj", "{F297EA8A-9495-4BB9-8D6A-E05098F741A6}"
EndProject
Project("{FAE04EC0-301F-11D3-BF4B-00C04F79EFBC}") = "Galaxy.BAL", "Galaxy.BAL\Galaxy.BAL.csproj", "{1AAE6993-C3BE-472E-B4A3-709E22F4BC81}"
EndProject
Project("{E24C65DC-7377-472B-9ABA-BC803B73C61A}") = "DataTables-1.10.13", "http://localhost:3289", "{96439AFF-F8EA-4780-857A-488F4DB27F7C}"
	ProjectSection(WebsiteProperties) = preProject
		UseIISExpress = "true"
		TargetFrameworkMoniker = ".NETFramework,Version%3Dv4.0"
		Debug.AspNetCompiler.VirtualPath = "/localhost_3289"
		Debug.AspNetCompiler.PhysicalPath = "DataTables-1.10.13\"
		Debug.AspNetCompiler.TargetPath = "PrecompiledWeb\localhost_3289\"
		Debug.AspNetCompiler.Updateable = "true"
		Debug.AspNetCompiler.ForceOverwrite = "true"
		Debug.AspNetCompiler.FixedNames = "false"
		Debug.AspNetCompiler.Debug = "True"
		Release.AspNetCompiler.VirtualPath = "/localhost_3289"
		Release.AspNetCompiler.PhysicalPath = "DataTables-1.10.13\"
		Release.AspNetCompiler.TargetPath = "PrecompiledWeb\localhost_3289\"
		Release.AspNetCompiler.Updateable = "true"
		Release.AspNetCompiler.ForceOverwrite = "true"
		Release.AspNetCompiler.FixedNames = "false"
		Release.AspNetCompiler.Debug = "False"
		SlnRelativePath = "DataTables-1.10.13\"
	EndProjectSection
EndProject
Global
	GlobalSection(SolutionConfigurationPlatforms) = preSolution
		Debug|Any CPU = Debug|Any CPU
		Release|Any CPU = Release|Any CPU
	EndGlobalSection
	GlobalSection(ProjectConfigurationPlatforms) = postSolution
		{67AB44E3-563E-479A-9FA0-AD0EF4F7E15A}.Debug|Any CPU.ActiveCfg = Debug|Any CPU
		{67AB44E3-563E-479A-9FA0-AD0EF4F7E15A}.Debug|Any CPU.Build.0 = Debug|Any CPU
		{67AB44E3-563E-479A-9FA0-AD0EF4F7E15A}.Release|Any CPU.ActiveCfg = Release|Any CPU
		{67AB44E3-563E-479A-9FA0-AD0EF4F7E15A}.Release|Any CPU.Build.0 = Release|Any CPU
		{675BA6F4-C712-4D5E-93F1-58E1819FFB72}.Debug|Any CPU.ActiveCfg = Debug|Any CPU
		{675BA6F4-C712-4D5E-93F1-58E1819FFB72}.Debug|Any CPU.Build.0 = Debug|Any CPU
		{675BA6F4-C712-4D5E-93F1-58E1819FFB72}.Release|Any CPU.ActiveCfg = Release|Any CPU
		{675BA6F4-C712-4D5E-93F1-58E1819FFB72}.Release|Any CPU.Build.0 = Release|Any CPU
		{F297EA8A-9495-4BB9-8D6A-E05098F741A6}.Debug|Any CPU.ActiveCfg = Debug|Any CPU
		{F297EA8A-9495-4BB9-8D6A-E05098F741A6}.Debug|Any CPU.Build.0 = Debug|Any CPU
		{F297EA8A-9495-4BB9-8D6A-E05098F741A6}.Release|Any CPU.ActiveCfg = Release|Any CPU
		{F297EA8A-9495-4BB9-8D6A-E05098F741A6}.Release|Any CPU.Build.0 = Release|Any CPU
		{1AAE6993-C3BE-472E-B4A3-709E22F4BC81}.Debug|Any CPU.ActiveCfg = Debug|Any CPU
		{1AAE6993-C3BE-472E-B4A3-709E22F4BC81}.Debug|Any CPU.Build.0 = Debug|Any CPU
		{1AAE6993-C3BE-472E-B4A3-709E22F4BC81}.Release|Any CPU.ActiveCfg = Release|Any CPU
		{1AAE6993-C3BE-472E-B4A3-709E22F4BC81}.Release|Any CPU.Build.0 = Release|Any CPU
		{96439AFF-F8EA-4780-857A-488F4DB27F7C}.Debug|Any CPU.ActiveCfg = Debug|Any CPU
		{96439AFF-F8EA-4780-857A-488F4DB27F7C}.Debug|Any CPU.Build.0 = Debug|Any CPU
		{96439AFF-F8EA-4780-857A-488F4DB27F7C}.Release|Any CPU.ActiveCfg = Debug|Any CPU
		{96439AFF-F8EA-4780-857A-488F4DB27F7C}.Release|Any CPU.Build.0 = Debug|Any CPU
	EndGlobalSection
	GlobalSection(SolutionProperties) = preSolution
		HideSolutionNode = FALSE
	EndGlobalSection
EndGlobal
